
Microsoft Visual Studio Solution File, Format Version 12.00
# Visual Studio Version 16
VisualStudioVersion = 16.0.31515.178
MinimumVisualStudioVersion = 10.0.40219.1
Project("{9A19103F-16F7-4668-BE54-9A1E7A4F7556}") = "EvaluacionIte", "EvaluacionIte\EvaluacionIte.csproj", "{5C72114F-B4B8-4BC4-96A7-31737A27D01B}"
EndProject
Project("{FAE04EC0-301F-11D3-BF4B-00C04F79EFBC}") = "DatosEvaluacion", "DatosEvaluacion\DatosEvaluacion.csproj", "{AE29BFC7-8BE0-4449-88D5-38742F02223D}"
EndProject
Project("{FAE04EC0-301F-11D3-BF4B-00C04F79EFBC}") = "WebApiEval", "WebApiEval\WebApiEval.csproj", "{51C76EAD-9D3E-428B-990E-AA25EABFE53D}"
EndProject
Global
	GlobalSection(SolutionConfigurationPlatforms) = preSolution
		Debug|Any CPU = Debug|Any CPU
		Release|Any CPU = Release|Any CPU
	EndGlobalSection
	GlobalSection(ProjectConfigurationPlatforms) = postSolution
		{5C72114F-B4B8-4BC4-96A7-31737A27D01B}.Debug|Any CPU.ActiveCfg = Debug|Any CPU
		{5C72114F-B4B8-4BC4-96A7-31737A27D01B}.Debug|Any CPU.Build.0 = Debug|Any CPU
		{5C72114F-B4B8-4BC4-96A7-31737A27D01B}.Release|Any CPU.ActiveCfg = Release|Any CPU
		{5C72114F-B4B8-4BC4-96A7-31737A27D01B}.Release|Any CPU.Build.0 = Release|Any CPU
		{AE29BFC7-8BE0-4449-88D5-38742F02223D}.Debug|Any CPU.ActiveCfg = Debug|Any CPU
		{AE29BFC7-8BE0-4449-88D5-38742F02223D}.Debug|Any CPU.Build.0 = Debug|Any CPU
		{AE29BFC7-8BE0-4449-88D5-38742F02223D}.Release|Any CPU.ActiveCfg = Release|Any CPU
		{AE29BFC7-8BE0-4449-88D5-38742F02223D}.Release|Any CPU.Build.0 = Release|Any CPU
		{51C76EAD-9D3E-428B-990E-AA25EABFE53D}.Debug|Any CPU.ActiveCfg = Debug|Any CPU
		{51C76EAD-9D3E-428B-990E-AA25EABFE53D}.Debug|Any CPU.Build.0 = Debug|Any CPU
		{51C76EAD-9D3E-428B-990E-AA25EABFE53D}.Release|Any CPU.ActiveCfg = Release|Any CPU
		{51C76EAD-9D3E-428B-990E-AA25EABFE53D}.Release|Any CPU.Build.0 = Release|Any CPU
	EndGlobalSection
	GlobalSection(SolutionProperties) = preSolution
		HideSolutionNode = FALSE
	EndGlobalSection
	GlobalSection(ExtensibilityGlobals) = postSolution
		SolutionGuid = {D15FD053-6DFD-488D-A159-AECFE9259BA5}
	EndGlobalSection
EndGlobal
